{
  "version": 4,
  "terraform_version": "1.8.3",
  "serial": 19,
  "lineage": "c13d7181-8e89-b083-3895-76f728cf2136",
  "outputs": {},
  "resources": [
    {
      "module": "module.nginx-ingress",
      "mode": "managed",
      "type": "helm_release",
      "name": "nginx",
      "provider": "provider[\"registry.terraform.io/hashicorp/helm\"]",
      "instances": [
        {
          "schema_version": 1,
          "attributes": {
            "atomic": false,
            "chart": "nginx",
            "cleanup_on_fail": false,
            "create_namespace": false,
            "dependency_update": false,
            "description": null,
            "devel": null,
            "disable_crd_hooks": false,
            "disable_openapi_validation": false,
            "disable_webhooks": false,
            "force_update": false,
            "id": "nginx",
            "keyring": null,
            "lint": false,
            "manifest": null,
            "max_history": 0,
            "metadata": [
              {
                "app_version": "1.23.3",
                "chart": "nginx",
                "name": "nginx",
                "namespace": "default",
                "revision": 2,
                "values": "{\"ingress\":{\"className\":\"ngnix\",\"enabled\":true,\"hosts\":[{\"backend\":{\"service\":{\"name\":\"ngnix\",\"port\":{\"number\":80}}},\"host\":\"myapp.local\",\"path\":\"/\",\"pathType\":\"Prefix\"}]},\"replicaCount\":1,\"service\":{\"nodePorts\":{\"http\":30080},\"type\":\"NodePort\"}}",
                "version": "13.2.30"
              }
            ],
            "name": "nginx",
            "namespace": "default",
            "pass_credentials": false,
            "postrender": [],
            "recreate_pods": false,
            "render_subchart_notes": true,
            "replace": false,
            "repository": "https://charts.bitnami.com/bitnami",
            "repository_ca_file": null,
            "repository_cert_file": null,
            "repository_key_file": null,
            "repository_password": null,
            "repository_username": null,
            "reset_values": false,
            "reuse_values": false,
            "set": [],
            "set_list": [],
            "set_sensitive": [],
            "skip_crds": false,
            "status": "deployed",
            "timeout": 300,
            "values": [
              "replicaCount: 1\nservice:\n  type: NodePort\n  nodePorts:\n    http: 30080 \ningress:\n  enabled: true\n  className: \"ngnix\"\n  hosts:\n    - host : myapp.local\n      path: /\n      pathType: Prefix\n      backend:\n        service:\n          name: ngnix\n          port:\n            number: 80\n"
            ],
            "verify": false,
            "version": "13.2.30",
            "wait": true,
            "wait_for_jobs": false
          },
          "sensitive_attributes": [
            [
              {
                "type": "get_attr",
                "value": "repository_password"
              }
            ]
          ],
          "private": "eyJzY2hlbWFfdmVyc2lvbiI6IjEifQ=="
        }
      ]
    },
    {
      "module": "module.nginx-ingress",
      "mode": "managed",
      "type": "helm_release",
      "name": "nginx-ingress",
      "provider": "provider[\"registry.terraform.io/hashicorp/helm\"]",
      "instances": [
        {
          "status": "tainted",
          "schema_version": 1,
          "attributes": {
            "atomic": false,
            "chart": "ingress-nginx",
            "cleanup_on_fail": false,
            "create_namespace": true,
            "dependency_update": false,
            "description": null,
            "devel": null,
            "disable_crd_hooks": false,
            "disable_openapi_validation": false,
            "disable_webhooks": false,
            "force_update": false,
            "id": "nginx-ingress",
            "keyring": null,
            "lint": false,
            "manifest": null,
            "max_history": 0,
            "metadata": [
              {
                "app_version": "1.1.0",
                "chart": "ingress-nginx",
                "name": "nginx-ingress",
                "namespace": "default",
                "revision": 1,
                "values": "{\"service\":{\"nodePorts\":{\"http\":32000},\"type\":\"NodePort\"}}",
                "version": "4.0.10"
              }
            ],
            "name": "nginx-ingress",
            "namespace": "default",
            "pass_credentials": false,
            "postrender": [],
            "recreate_pods": false,
            "render_subchart_notes": true,
            "replace": false,
            "repository": "https://kubernetes.github.io/ingress-nginx",
            "repository_ca_file": null,
            "repository_cert_file": null,
            "repository_key_file": null,
            "repository_password": null,
            "repository_username": null,
            "reset_values": false,
            "reuse_values": false,
            "set": [],
            "set_list": [],
            "set_sensitive": [],
            "skip_crds": false,
            "status": "failed",
            "timeout": 300,
            "values": [
              "service:\n  type: NodePort\n  nodePorts:\n    http: 32000\n"
            ],
            "verify": false,
            "version": "4.0.10",
            "wait": true,
            "wait_for_jobs": false
          },
          "sensitive_attributes": [
            [
              {
                "type": "get_attr",
                "value": "repository_password"
              }
            ]
          ],
          "private": "eyJzY2hlbWFfdmVyc2lvbiI6IjEifQ=="
        }
      ]
    }
  ],
  "check_results": null
}
